
Microsoft Visual Studio Solution File, Format Version 12.00
# Visual Studio Express 2012 for Web
Project("{FAE04EC0-301F-11D3-BF4B-00C04F79EFBC}") = "FluentBuilder", "FluentBuilder\FluentBuilder.csproj", "{EFF539CA-C1AB-474B-9086-BEFA685DDE71}"
EndProject
Project("{FAE04EC0-301F-11D3-BF4B-00C04F79EFBC}") = "FluentBuilder.Test", "FluentBuilder.Test\FluentBuilder.Test.csproj", "{12757406-13BC-49B1-A85A-F57BABA241D4}"
EndProject
Global
	GlobalSection(SolutionConfigurationPlatforms) = preSolution
		Debug|Any CPU = Debug|Any CPU
		Release|Any CPU = Release|Any CPU
	EndGlobalSection
	GlobalSection(ProjectConfigurationPlatforms) = postSolution
		{EFF539CA-C1AB-474B-9086-BEFA685DDE71}.Debug|Any CPU.ActiveCfg = Debug|Any CPU
		{EFF539CA-C1AB-474B-9086-BEFA685DDE71}.Debug|Any CPU.Build.0 = Debug|Any CPU
		{EFF539CA-C1AB-474B-9086-BEFA685DDE71}.Release|Any CPU.ActiveCfg = Release|Any CPU
		{EFF539CA-C1AB-474B-9086-BEFA685DDE71}.Release|Any CPU.Build.0 = Release|Any CPU
		{12757406-13BC-49B1-A85A-F57BABA241D4}.Debug|Any CPU.ActiveCfg = Debug|Any CPU
		{12757406-13BC-49B1-A85A-F57BABA241D4}.Debug|Any CPU.Build.0 = Debug|Any CPU
		{12757406-13BC-49B1-A85A-F57BABA241D4}.Release|Any CPU.ActiveCfg = Release|Any CPU
		{12757406-13BC-49B1-A85A-F57BABA241D4}.Release|Any CPU.Build.0 = Release|Any CPU
	EndGlobalSection
	GlobalSection(SolutionProperties) = preSolution
		HideSolutionNode = FALSE
	EndGlobalSection
EndGlobal
